
Microsoft Visual Studio Solution File, Format Version 12.00
# Visual Studio 14
VisualStudioVersion = 14.0.25420.1
MinimumVisualStudioVersion = 10.0.40219.1
Project("{FAE04EC0-301F-11D3-BF4B-00C04F79EFBC}") = "AngularQuickStart", "AngularQuickStart\AngularQuickStart.csproj", "{1812D254-6A55-4807-8026-D103F4FAC084}"
EndProject
Global
	GlobalSection(SolutionConfigurationPlatforms) = preSolution
		Debug|Any CPU = Debug|Any CPU
		Release|Any CPU = Release|Any CPU
	EndGlobalSection
	GlobalSection(ProjectConfigurationPlatforms) = postSolution
		{1812D254-6A55-4807-8026-D103F4FAC084}.Debug|Any CPU.ActiveCfg = Debug|Any CPU
		{1812D254-6A55-4807-8026-D103F4FAC084}.Debug|Any CPU.Build.0 = Debug|Any CPU
		{1812D254-6A55-4807-8026-D103F4FAC084}.Release|Any CPU.ActiveCfg = Release|Any CPU
		{1812D254-6A55-4807-8026-D103F4FAC084}.Release|Any CPU.Build.0 = Release|Any CPU
	EndGlobalSection
	GlobalSection(SolutionProperties) = preSolution
		HideSolutionNode = FALSE
	EndGlobalSection
EndGlobal
